// !$*UTF8*$!
{
	archiveVersion = 1;
	classes = {
	};
	objectVersion = 46;
	objects = {

/* Begin PBXBuildFile section */
		2E607DB31DE335010043AF41 /* main.m in Sources */ = {isa = PBXBuildFile; fileRef = 2E607DB21DE335010043AF41 /* main.m */; };
		2E607DB61DE335010043AF41 /* AppDelegate.m in Sources */ = {isa = PBXBuildFile; fileRef = 2E607DB51DE335010043AF41 /* AppDelegate.m */; };
		2E607DB91DE335010043AF41 /* ViewController.m in Sources */ = {isa = PBXBuildFile; fileRef = 2E607DB81DE335010043AF41 /* ViewController.m */; };
		2E607DBC1DE335010043AF41 /* Main.storyboard in Resources */ = {isa = PBXBuildFile; fileRef = 2E607DBA1DE335010043AF41 /* Main.storyboard */; };
		2E607DCC1DE335010043AF41 /* MVVMTests.m in Sources */ = {isa = PBXBuildFile; fileRef = 2E607DCB1DE335010043AF41 /* MVVMTests.m */; };
		2E607DD71DE335010043AF41 /* MVVMUITests.m in Sources */ = {isa = PBXBuildFile; fileRef = 2E607DD61DE335010043AF41 /* MVVMUITests.m */; };
		2EB3268B1DE33885009E18D8 /* UIView+Extension.m in Sources */ = {isa = PBXBuildFile; fileRef = 2EB3264F1DE33885009E18D8 /* UIView+Extension.m */; };
		2EB3268C1DE33885009E18D8 /* JMTabBarController.m in Sources */ = {isa = PBXBuildFile; fileRef = 2EB326521DE33885009E18D8 /* JMTabBarController.m */; };
		2EB3268D1DE33885009E18D8 /* HomeModel.m in Sources */ = {isa = PBXBuildFile; fileRef = 2EB326561DE33885009E18D8 /* HomeModel.m */; };
		2EB3268E1DE33885009E18D8 /* JMHomeCell.m in Sources */ = {isa = PBXBuildFile; fileRef = 2EB326591DE33885009E18D8 /* JMHomeCell.m */; };
		2EB3268F1DE33885009E18D8 /* JMHomeTableVeiw.m in Sources */ = {isa = PBXBuildFile; fileRef = 2EB3265B1DE33885009E18D8 /* JMHomeTableVeiw.m */; };
		2EB326901DE33885009E18D8 /* JMHomeViewController.m in Sources */ = {isa = PBXBuildFile; fileRef = 2EB3265D1DE33885009E18D8 /* JMHomeViewController.m */; };
		2EB326911DE33885009E18D8 /* JMHomeTableViewModel.m in Sources */ = {isa = PBXBuildFile; fileRef = 2EB326601DE33885009E18D8 /* JMHomeTableViewModel.m */; };
		2EB326921DE33885009E18D8 /* community@2x.png in Resources */ = {isa = PBXBuildFile; fileRef = 2EB326621DE33885009E18D8 /* community@2x.png */; };
		2EB326931DE33885009E18D8 /* community@3x.png in Resources */ = {isa = PBXBuildFile; fileRef = 2EB326631DE33885009E18D8 /* community@3x.png */; };
		2EB326941DE33885009E18D8 /* community_helighted@2x.png in Resources */ = {isa = PBXBuildFile; fileRef = 2EB326641DE33885009E18D8 /* community_helighted@2x.png */; };
		2EB326951DE33885009E18D8 /* community_helighted@3x.png in Resources */ = {isa = PBXBuildFile; fileRef = 2EB326651DE33885009E18D8 /* community_helighted@3x.png */; };
		2EB326961DE33885009E18D8 /* home@2x.png in Resources */ = {isa = PBXBuildFile; fileRef = 2EB326661DE33885009E18D8 /* home@2x.png */; };
		2EB326971DE33885009E18D8 /* home@3x.png in Resources */ = {isa = PBXBuildFile; fileRef = 2EB326671DE33885009E18D8 /* home@3x.png */; };
		2EB326981DE33885009E18D8 /* home_helighted@2x.png in Resources */ = {isa = PBXBuildFile; fileRef = 2EB326681DE33885009E18D8 /* home_helighted@2x.png */; };
		2EB326991DE33885009E18D8 /* home_helighted@3x.png in Resources */ = {isa = PBXBuildFile; fileRef = 2EB326691DE33885009E18D8 /* home_helighted@3x.png */; };
		2EB3269A1DE33885009E18D8 /* my@2x.png in Resources */ = {isa = PBXBuildFile; fileRef = 2EB3266A1DE33885009E18D8 /* my@2x.png */; };
		2EB3269B1DE33885009E18D8 /* my@3x.png in Resources */ = {isa = PBXBuildFile; fileRef = 2EB3266B1DE33885009E18D8 /* my@3x.png */; };
		2EB3269C1DE33885009E18D8 /* my_helighted@2x.png in Resources */ = {isa = PBXBuildFile; fileRef = 2EB3266C1DE33885009E18D8 /* my_helighted@2x.png */; };
		2EB3269D1DE33885009E18D8 /* my_helighted@3x.png in Resources */ = {isa = PBXBuildFile; fileRef = 2EB3266D1DE33885009E18D8 /* my_helighted@3x.png */; };
		2EB3269E1DE33885009E18D8 /* secondhand_redss@2x.png in Resources */ = {isa = PBXBuildFile; fileRef = 2EB3266E1DE33885009E18D8 /* secondhand_redss@2x.png */; };
		2EB3269F1DE33885009E18D8 /* secondhand_redss@3x.png in Resources */ = {isa = PBXBuildFile; fileRef = 2EB3266F1DE33885009E18D8 /* secondhand_redss@3x.png */; };
		2EB326A01DE33885009E18D8 /* secondhand_whitess@2x.png in Resources */ = {isa = PBXBuildFile; fileRef = 2EB326701DE33885009E18D8 /* secondhand_whitess@2x.png */; };
		2EB326A11DE33885009E18D8 /* secondhand_whitess@3x.png in Resources */ = {isa = PBXBuildFile; fileRef = 2EB326711DE33885009E18D8 /* secondhand_whitess@3x.png */; };
		2EB326A21DE33885009E18D8 /* shangcheng@2x.png in Resources */ = {isa = PBXBuildFile; fileRef = 2EB326721DE33885009E18D8 /* shangcheng@2x.png */; };
		2EB326A31DE33885009E18D8 /* shangcheng@3x.png in Resources */ = {isa = PBXBuildFile; fileRef = 2EB326731DE33885009E18D8 /* shangcheng@3x.png */; };
		2EB326A41DE33885009E18D8 /* shangcheng_helighted@2x.png in Resources */ = {isa = PBXBuildFile; fileRef = 2EB326741DE33885009E18D8 /* shangcheng_helighted@2x.png */; };
		2EB326A51DE33885009E18D8 /* shangcheng_helighted@3x.png in Resources */ = {isa = PBXBuildFile; fileRef = 2EB326751DE33885009E18D8 /* shangcheng_helighted@3x.png */; };
		2EB326A61DE33885009E18D8 /* JMBaseViewModel.m in Sources */ = {isa = PBXBuildFile; fileRef = 2EB326781DE33885009E18D8 /* JMBaseViewModel.m */; };
		2EB326A71DE33885009E18D8 /* JMHTTPSessionManager.m in Sources */ = {isa = PBXBuildFile; fileRef = 2EB3267B1DE33885009E18D8 /* JMHTTPSessionManager.m */; };
		2EB326A81DE33885009E18D8 /* JMRequestUtility.m in Sources */ = {isa = PBXBuildFile; fileRef = 2EB3267D1DE33885009E18D8 /* JMRequestUtility.m */; };
		2EB326A91DE33885009E18D8 /* JMTipView.m in Sources */ = {isa = PBXBuildFile; fileRef = 2EB3267F1DE33885009E18D8 /* JMTipView.m */; };
		2EB326AA1DE33885009E18D8 /* JMTaobaoCell.m in Sources */ = {isa = PBXBuildFile; fileRef = 2EB326821DE33885009E18D8 /* JMTaobaoCell.m */; };
		2EB326AB1DE33885009E18D8 /* JMViewController2.m in Sources */ = {isa = PBXBuildFile; fileRef = 2EB326841DE33885009E18D8 /* JMViewController2.m */; };
		2EB326AC1DE33885009E18D8 /* JMViewController3.m in Sources */ = {isa = PBXBuildFile; fileRef = 2EB326861DE33885009E18D8 /* JMViewController3.m */; };
		2EB326AD1DE33885009E18D8 /* JMViewController4.m in Sources */ = {isa = PBXBuildFile; fileRef = 2EB326881DE33885009E18D8 /* JMViewController4.m */; };
		2EB326AE1DE33885009E18D8 /* JMWaveVeiw.m in Sources */ = {isa = PBXBuildFile; fileRef = 2EB3268A1DE33885009E18D8 /* JMWaveVeiw.m */; };
		2EB326B01DE338B7009E18D8 /* Assets.xcassets in Resources */ = {isa = PBXBuildFile; fileRef = 2EB326AF1DE338B7009E18D8 /* Assets.xcassets */; };
		2EB326B21DE34113009E18D8 /* LaunchScreen.storyboard in Resources */ = {isa = PBXBuildFile; fileRef = 2EB326B11DE34113009E18D8 /* LaunchScreen.storyboard */; };
		45AA4CE54507C6B30D247522 /* libPods-MVVM.a in Frameworks */ = {isa = PBXBuildFile; fileRef = 916D02A12B659C71F0513CD2 /* libPods-MVVM.a */; };
/* End PBXBuildFile section */

/* Begin PBXContainerItemProxy section */
		2E607DC81DE335010043AF41 /* PBXContainerItemProxy */ = {
			isa = PBXContainerItemProxy;
			containerPortal = 2E607DA61DE335010043AF41 /* Project object */;
			proxyType = 1;
			remoteGlobalIDString = 2E607DAD1DE335010043AF41;
			remoteInfo = MVVM;
		};
		2E607DD31DE335010043AF41 /* PBXContainerItemProxy */ = {
			isa = PBXContainerItemProxy;
			containerPortal = 2E607DA61DE335010043AF41 /* Project object */;
			proxyType = 1;
			remoteGlobalIDString = 2E607DAD1DE335010043AF41;
			remoteInfo = MVVM;
		};
/* End PBXContainerItemProxy section */

/* Begin PBXFileReference section */
		2E607DAE1DE335010043AF41 /* MVVM.app */ = {isa = PBXFileReference; explicitFileType = wrapper.application; includeInIndex = 0; path = MVVM.app; sourceTree = BUILT_PRODUCTS_DIR; };
		2E607DB21DE335010043AF41 /* main.m */ = {isa = PBXFileReference; lastKnownFileType = sourcecode.c.objc; path = main.m; sourceTree = "<group>"; };
		2E607DB41DE335010043AF41 /* AppDelegate.h */ = {isa = PBXFileReference; lastKnownFileType = sourcecode.c.h; path = AppDelegate.h; sourceTree = "<group>"; };
		2E607DB51DE335010043AF41 /* AppDelegate.m */ = {isa = PBXFileReference; lastKnownFileType = sourcecode.c.objc; path = AppDelegate.m; sourceTree = "<group>"; };
		2E607DB71DE335010043AF41 /* ViewController.h */ = {isa = PBXFileReference; lastKnownFileType = sourcecode.c.h; path = ViewController.h; sourceTree = "<group>"; };
		2E607DB81DE335010043AF41 /* ViewController.m */ = {isa = PBXFileReference; lastKnownFileType = sourcecode.c.objc; path = ViewController.m; sourceTree = "<group>"; };
		2E607DBB1DE335010043AF41 /* Base */ = {isa = PBXFileReference; lastKnownFileType = file.storyboard; name = Base; path = Base.lproj/Main.storyboard; sourceTree = "<group>"; };
		2E607DC21DE335010043AF41 /* Info.plist */ = {isa = PBXFileReference; lastKnownFileType = text.plist.xml; path = Info.plist; sourceTree = "<group>"; };
		2E607DC71DE335010043AF41 /* MVVMTests.xctest */ = {isa = PBXFileReference; explicitFileType = wrapper.cfbundle; includeInIndex = 0; path = MVVMTests.xctest; sourceTree = BUILT_PRODUCTS_DIR; };
		2E607DCB1DE335010043AF41 /* MVVMTests.m */ = {isa = PBXFileReference; lastKnownFileType = sourcecode.c.objc; path = MVVMTests.m; sourceTree = "<group>"; };
		2E607DCD1DE335010043AF41 /* Info.plist */ = {isa = PBXFileReference; lastKnownFileType = text.plist.xml; path = Info.plist; sourceTree = "<group>"; };
		2E607DD21DE335010043AF41 /* MVVMUITests.xctest */ = {isa = PBXFileReference; explicitFileType = wrapper.cfbundle; includeInIndex = 0; path = MVVMUITests.xctest; sourceTree = BUILT_PRODUCTS_DIR; };
		2E607DD61DE335010043AF41 /* MVVMUITests.m */ = {isa = PBXFileReference; lastKnownFileType = sourcecode.c.objc; path = MVVMUITests.m; sourceTree = "<group>"; };
		2E607DD81DE335010043AF41 /* Info.plist */ = {isa = PBXFileReference; lastKnownFileType = text.plist.xml; path = Info.plist; sourceTree = "<group>"; };
		2EB3264C1DE336F4009E18D8 /* MVVM-Prefix.pch */ = {isa = PBXFileReference; lastKnownFileType = sourcecode.c.h; path = "MVVM-Prefix.pch"; sourceTree = "<group>"; };
		2EB3264E1DE33885009E18D8 /* UIView+Extension.h */ = {isa = PBXFileReference; fileEncoding = 4; lastKnownFileType = sourcecode.c.h; path = "UIView+Extension.h"; sourceTree = "<group>"; };
		2EB3264F1DE33885009E18D8 /* UIView+Extension.m */ = {isa = PBXFileReference; fileEncoding = 4; lastKnownFileType = sourcecode.c.objc; path = "UIView+Extension.m"; sourceTree = "<group>"; };
		2EB326511DE33885009E18D8 /* JMTabBarController.h */ = {isa = PBXFileReference; fileEncoding = 4; lastKnownFileType = sourcecode.c.h; path = JMTabBarController.h; sourceTree = "<group>"; };
		2EB326521DE33885009E18D8 /* JMTabBarController.m */ = {isa = PBXFileReference; fileEncoding = 4; lastKnownFileType = sourcecode.c.objc; path = JMTabBarController.m; sourceTree = "<group>"; };
		2EB326551DE33885009E18D8 /* HomeModel.h */ = {isa = PBXFileReference; fileEncoding = 4; lastKnownFileType = sourcecode.c.h; path = HomeModel.h; sourceTree = "<group>"; };
		2EB326561DE33885009E18D8 /* HomeModel.m */ = {isa = PBXFileReference; fileEncoding = 4; lastKnownFileType = sourcecode.c.objc; path = HomeModel.m; sourceTree = "<group>"; };
		2EB326581DE33885009E18D8 /* JMHomeCell.h */ = {isa = PBXFileReference; fileEncoding = 4; lastKnownFileType = sourcecode.c.h; path = JMHomeCell.h; sourceTree = "<group>"; };
		2EB326591DE33885009E18D8 /* JMHomeCell.m */ = {isa = PBXFileReference; fileEncoding = 4; lastKnownFileType = sourcecode.c.objc; path = JMHomeCell.m; sourceTree = "<group>"; };
		2EB3265A1DE33885009E18D8 /* JMHomeTableVeiw.h */ = {isa = PBXFileReference; fileEncoding = 4; lastKnownFileType = sourcecode.c.h; path = JMHomeTableVeiw.h; sourceTree = "<group>"; };
		2EB3265B1DE33885009E18D8 /* JMHomeTableVeiw.m */ = {isa = PBXFileReference; fileEncoding = 4; lastKnownFileType = sourcecode.c.objc; path = JMHomeTableVeiw.m; sourceTree = "<group>"; };
		2EB3265C1DE33885009E18D8 /* JMHomeViewController.h */ = {isa = PBXFileReference; fileEncoding = 4; lastKnownFileType = sourcecode.c.h; path = JMHomeViewController.h; sourceTree = "<group>"; };
		2EB3265D1DE33885009E18D8 /* JMHomeViewController.m */ = {isa = PBXFileReference; fileEncoding = 4; lastKnownFileType = sourcecode.c.objc; path = JMHomeViewController.m; sourceTree = "<group>"; };
		2EB3265F1DE33885009E18D8 /* JMHomeTableViewModel.h */ = {isa = PBXFileReference; fileEncoding = 4; lastKnownFileType = sourcecode.c.h; path = JMHomeTableViewModel.h; sourceTree = "<group>"; };
		2EB326601DE33885009E18D8 /* JMHomeTableViewModel.m */ = {isa = PBXFileReference; fileEncoding = 4; lastKnownFileType = sourcecode.c.objc; path = JMHomeTableViewModel.m; sourceTree = "<group>"; };
		2EB326621DE33885009E18D8 /* community@2x.png */ = {isa = PBXFileReference; lastKnownFileType = image.png; path = "community@2x.png"; sourceTree = "<group>"; };
		2EB326631DE33885009E18D8 /* community@3x.png */ = {isa = PBXFileReference; lastKnownFileType = image.png; path = "community@3x.png"; sourceTree = "<group>"; };
		2EB326641DE33885009E18D8 /* community_helighted@2x.png */ = {isa = PBXFileReference; lastKnownFileType = image.png; path = "community_helighted@2x.png"; sourceTree = "<group>"; };
		2EB326651DE33885009E18D8 /* community_helighted@3x.png */ = {isa = PBXFileReference; lastKnownFileType = image.png; path = "community_helighted@3x.png"; sourceTree = "<group>"; };
		2EB326661DE33885009E18D8 /* home@2x.png */ = {isa = PBXFileReference; lastKnownFileType = image.png; path = "home@2x.png"; sourceTree = "<group>"; };
		2EB326671DE33885009E18D8 /* home@3x.png */ = {isa = PBXFileReference; lastKnownFileType = image.png; path = "home@3x.png"; sourceTree = "<group>"; };
		2EB326681DE33885009E18D8 /* home_helighted@2x.png */ = {isa = PBXFileReference; lastKnownFileType = image.png; path = "home_helighted@2x.png"; sourceTree = "<group>"; };
		2EB326691DE33885009E18D8 /* home_helighted@3x.png */ = {isa = PBXFileReference; lastKnownFileType = image.png; path = "home_helighted@3x.png"; sourceTree = "<group>"; };
		2EB3266A1DE33885009E18D8 /* my@2x.png */ = {isa = PBXFileReference; lastKnownFileType = image.png; path = "my@2x.png"; sourceTree = "<group>"; };
		2EB3266B1DE33885009E18D8 /* my@3x.png */ = {isa = PBXFileReference; lastKnownFileType = image.png; path = "my@3x.png"; sourceTree = "<group>"; };
		2EB3266C1DE33885009E18D8 /* my_helighted@2x.png */ = {isa = PBXFileReference; lastKnownFileType = image.png; path = "my_helighted@2x.png"; sourceTree = "<group>"; };
		2EB3266D1DE33885009E18D8 /* my_helighted@3x.png */ = {isa = PBXFileReference; lastKnownFileType = image.png; path = "my_helighted@3x.png"; sourceTree = "<group>"; };
		2EB3266E1DE33885009E18D8 /* secondhand_redss@2x.png */ = {isa = PBXFileReference; lastKnownFileType = image.png; path = "secondhand_redss@2x.png"; sourceTree = "<group>"; };
		2EB3266F1DE33885009E18D8 /* secondhand_redss@3x.png */ = {isa = PBXFileReference; lastKnownFileType = image.png; path = "secondhand_redss@3x.png"; sourceTree = "<group>"; };
		2EB326701DE33885009E18D8 /* secondhand_whitess@2x.png */ = {isa = PBXFileReference; lastKnownFileType = image.png; path = "secondhand_whitess@2x.png"; sourceTree = "<group>"; };
		2EB326711DE33885009E18D8 /* secondhand_whitess@3x.png */ = {isa = PBXFileReference; lastKnownFileType = image.png; path = "secondhand_whitess@3x.png"; sourceTree = "<group>"; };
		2EB326721DE33885009E18D8 /* shangcheng@2x.png */ = {isa = PBXFileReference; lastKnownFileType = image.png; path = "shangcheng@2x.png"; sourceTree = "<group>"; };
		2EB326731DE33885009E18D8 /* shangcheng@3x.png */ = {isa = PBXFileReference; lastKnownFileType = image.png; path = "shangcheng@3x.png"; sourceTree = "<group>"; };
		2EB326741DE33885009E18D8 /* shangcheng_helighted@2x.png */ = {isa = PBXFileReference; lastKnownFileType = image.png; path = "shangcheng_helighted@2x.png"; sourceTree = "<group>"; };
		2EB326751DE33885009E18D8 /* shangcheng_helighted@3x.png */ = {isa = PBXFileReference; lastKnownFileType = image.png; path = "shangcheng_helighted@3x.png"; sourceTree = "<group>"; };
		2EB326771DE33885009E18D8 /* JMBaseViewModel.h */ = {isa = PBXFileReference; fileEncoding = 4; lastKnownFileType = sourcecode.c.h; path = JMBaseViewModel.h; sourceTree = "<group>"; };
		2EB326781DE33885009E18D8 /* JMBaseViewModel.m */ = {isa = PBXFileReference; fileEncoding = 4; lastKnownFileType = sourcecode.c.objc; path = JMBaseViewModel.m; sourceTree = "<group>"; };
		2EB3267A1DE33885009E18D8 /* JMHTTPSessionManager.h */ = {isa = PBXFileReference; fileEncoding = 4; lastKnownFileType = sourcecode.c.h; path = JMHTTPSessionManager.h; sourceTree = "<group>"; };
		2EB3267B1DE33885009E18D8 /* JMHTTPSessionManager.m */ = {isa = PBXFileReference; fileEncoding = 4; lastKnownFileType = sourcecode.c.objc; path = JMHTTPSessionManager.m; sourceTree = "<group>"; };
		2EB3267C1DE33885009E18D8 /* JMRequestUtility.h */ = {isa = PBXFileReference; fileEncoding = 4; lastKnownFileType = sourcecode.c.h; path = JMRequestUtility.h; sourceTree = "<group>"; };
		2EB3267D1DE33885009E18D8 /* JMRequestUtility.m */ = {isa = PBXFileReference; fileEncoding = 4; lastKnownFileType = sourcecode.c.objc; path = JMRequestUtility.m; sourceTree = "<group>"; };
		2EB3267E1DE33885009E18D8 /* JMTipView.h */ = {isa = PBXFileReference; fileEncoding = 4; lastKnownFileType = sourcecode.c.h; path = JMTipView.h; sourceTree = "<group>"; };
		2EB3267F1DE33885009E18D8 /* JMTipView.m */ = {isa = PBXFileReference; fileEncoding = 4; lastKnownFileType = sourcecode.c.objc; path = JMTipView.m; sourceTree = "<group>"; };
		2EB326811DE33885009E18D8 /* JMTaobaoCell.h */ = {isa = PBXFileReference; fileEncoding = 4; lastKnownFileType = sourcecode.c.h; path = JMTaobaoCell.h; sourceTree = "<group>"; };
		2EB326821DE33885009E18D8 /* JMTaobaoCell.m */ = {isa = PBXFileReference; fileEncoding = 4; lastKnownFileType = sourcecode.c.objc; path = JMTaobaoCell.m; sourceTree = "<group>"; };
		2EB326831DE33885009E18D8 /* JMViewController2.h */ = {isa = PBXFileReference; fileEncoding = 4; lastKnownFileType = sourcecode.c.h; path = JMViewController2.h; sourceTree = "<group>"; };
		2EB326841DE33885009E18D8 /* JMViewController2.m */ = {isa = PBXFileReference; fileEncoding = 4; lastKnownFileType = sourcecode.c.objc; path = JMViewController2.m; sourceTree = "<group>"; };
		2EB326851DE33885009E18D8 /* JMViewController3.h */ = {isa = PBXFileReference; fileEncoding = 4; lastKnownFileType = sourcecode.c.h; path = JMViewController3.h; sourceTree = "<group>"; };
		2EB326861DE33885009E18D8 /* JMViewController3.m */ = {isa = PBXFileReference; fileEncoding = 4; lastKnownFileType = sourcecode.c.objc; path = JMViewController3.m; sourceTree = "<group>"; };
		2EB326871DE33885009E18D8 /* JMViewController4.h */ = {isa = PBXFileReference; fileEncoding = 4; lastKnownFileType = sourcecode.c.h; path = JMViewController4.h; sourceTree = "<group>"; };
		2EB326881DE33885009E18D8 /* JMViewController4.m */ = {isa = PBXFileReference; fileEncoding = 4; lastKnownFileType = sourcecode.c.objc; path = JMViewController4.m; sourceTree = "<group>"; };
		2EB326891DE33885009E18D8 /* JMWaveVeiw.h */ = {isa = PBXFileReference; fileEncoding = 4; lastKnownFileType = sourcecode.c.h; path = JMWaveVeiw.h; sourceTree = "<group>"; };
		2EB3268A1DE33885009E18D8 /* JMWaveVeiw.m */ = {isa = PBXFileReference; fileEncoding = 4; lastKnownFileType = sourcecode.c.objc; path = JMWaveVeiw.m; sourceTree = "<group>"; };
		2EB326AF1DE338B7009E18D8 /* Assets.xcassets */ = {isa = PBXFileReference; lastKnownFileType = folder.assetcatalog; path = Assets.xcassets; sourceTree = "<group>"; };
		2EB326B11DE34113009E18D8 /* LaunchScreen.storyboard */ = {isa = PBXFileReference; fileEncoding = 4; lastKnownFileType = file.storyboard; path = LaunchScreen.storyboard; sourceTree = "<group>"; };
		4950D8A7DAD868154C2F53A4 /* Pods-MVVM.debug.xcconfig */ = {isa = PBXFileReference; includeInIndex = 1; lastKnownFileType = text.xcconfig; name = "Pods-MVVM.debug.xcconfig"; path = "Pods/Target Support Files/Pods-MVVM/Pods-MVVM.debug.xcconfig"; sourceTree = "<group>"; };
		916D02A12B659C71F0513CD2 /* libPods-MVVM.a */ = {isa = PBXFileReference; explicitFileType = archive.ar; includeInIndex = 0; path = "libPods-MVVM.a"; sourceTree = BUILT_PRODUCTS_DIR; };
		E8ABBA4C4287A9CC0C49D669 /* Pods-MVVM.release.xcconfig */ = {isa = PBXFileReference; includeInIndex = 1; lastKnownFileType = text.xcconfig; name = "Pods-MVVM.release.xcconfig"; path = "Pods/Target Support Files/Pods-MVVM/Pods-MVVM.release.xcconfig"; sourceTree = "<group>"; };
/* End PBXFileReference section */

/* Begin PBXFrameworksBuildPhase section */
		2E607DAB1DE335010043AF41 /* Frameworks */ = {
			isa = PBXFrameworksBuildPhase;
			buildActionMask = 2147483647;
			files = (
				45AA4CE54507C6B30D247522 /* libPods-MVVM.a in Frameworks */,
			);
			runOnlyForDeploymentPostprocessing = 0;
		};
		2E607DC41DE335010043AF41 /* Frameworks */ = {
			isa = PBXFrameworksBuildPhase;
			buildActionMask = 2147483647;
			files = (
			);
			runOnlyForDeploymentPostprocessing = 0;
		};
		2E607DCF1DE335010043AF41 /* Frameworks */ = {
			isa = PBXFrameworksBuildPhase;
			buildActionMask = 2147483647;
			files = (
			);
			runOnlyForDeploymentPostprocessing = 0;
		};
/* End PBXFrameworksBuildPhase section */

/* Begin PBXGroup section */
		2E607DA51DE335010043AF41 = {
			isa = PBXGroup;
			children = (
				2E607DB01DE335010043AF41 /* MVVM */,
				2E607DCA1DE335010043AF41 /* MVVMTests */,
				2E607DD51DE335010043AF41 /* MVVMUITests */,
				2E607DAF1DE335010043AF41 /* Products */,
				DE10731EFABC9763615F6F7C /* Pods */,
				7078F3766550511DB752193C /* Frameworks */,
			);
			sourceTree = "<group>";
		};
		2E607DAF1DE335010043AF41 /* Products */ = {
			isa = PBXGroup;
			children = (
				2E607DAE1DE335010043AF41 /* MVVM.app */,
				2E607DC71DE335010043AF41 /* MVVMTests.xctest */,
				2E607DD21DE335010043AF41 /* MVVMUITests.xctest */,
			);
			name = Products;
			sourceTree = "<group>";
		};
		2E607DB01DE335010043AF41 /* MVVM */ = {
			isa = PBXGroup;
			children = (
				2EB3264D1DE33885009E18D8 /* Category */,
				2EB326501DE33885009E18D8 /* Controller */,
				2EB326531DE33885009E18D8 /* Home */,
				2EB326611DE33885009E18D8 /* image */,
				2EB326761DE33885009E18D8 /* ModelView */,
				2EB326791DE33885009E18D8 /* Tool */,
				2EB326801DE33885009E18D8 /* View */,
				2E607DB41DE335010043AF41 /* AppDelegate.h */,
				2E607DB51DE335010043AF41 /* AppDelegate.m */,
				2E607DB71DE335010043AF41 /* ViewController.h */,
				2E607DB81DE335010043AF41 /* ViewController.m */,
				2EB326AF1DE338B7009E18D8 /* Assets.xcassets */,
				2E607DBA1DE335010043AF41 /* Main.storyboard */,
				2EB326B11DE34113009E18D8 /* LaunchScreen.storyboard */,
				2E607DC21DE335010043AF41 /* Info.plist */,
				2E607DB11DE335010043AF41 /* Supporting Files */,
			);
			path = MVVM;
			sourceTree = "<group>";
		};
		2E607DB11DE335010043AF41 /* Supporting Files */ = {
			isa = PBXGroup;
			children = (
				2E607DB21DE335010043AF41 /* main.m */,
				2EB3264C1DE336F4009E18D8 /* MVVM-Prefix.pch */,
			);
			name = "Supporting Files";
			sourceTree = "<group>";
		};
		2E607DCA1DE335010043AF41 /* MVVMTests */ = {
			isa = PBXGroup;
			children = (
				2E607DCB1DE335010043AF41 /* MVVMTests.m */,
				2E607DCD1DE335010043AF41 /* Info.plist */,
			);
			path = MVVMTests;
			sourceTree = "<group>";
		};
		2E607DD51DE335010043AF41 /* MVVMUITests */ = {
			isa = PBXGroup;
			children = (
				2E607DD61DE335010043AF41 /* MVVMUITests.m */,
				2E607DD81DE335010043AF41 /* Info.plist */,
			);
			path = MVVMUITests;
			sourceTree = "<group>";
		};
		2EB3264D1DE33885009E18D8 /* Category */ = {
			isa = PBXGroup;
			children = (
				2EB3264E1DE33885009E18D8 /* UIView+Extension.h */,
				2EB3264F1DE33885009E18D8 /* UIView+Extension.m */,
			);
			path = Category;
			sourceTree = "<group>";
		};
		2EB326501DE33885009E18D8 /* Controller */ = {
			isa = PBXGroup;
			children = (
				2EB326511DE33885009E18D8 /* JMTabBarController.h */,
				2EB326521DE33885009E18D8 /* JMTabBarController.m */,
			);
			path = Controller;
			sourceTree = "<group>";
		};
		2EB326531DE33885009E18D8 /* Home */ = {
			isa = PBXGroup;
			children = (
				2EB326541DE33885009E18D8 /* Model */,
				2EB326571DE33885009E18D8 /* View */,
				2EB3265E1DE33885009E18D8 /* ViewModel */,
			);
			path = Home;
			sourceTree = "<group>";
		};
		2EB326541DE33885009E18D8 /* Model */ = {
			isa = PBXGroup;
			children = (
				2EB326551DE33885009E18D8 /* HomeModel.h */,
				2EB326561DE33885009E18D8 /* HomeModel.m */,
			);
			path = Model;
			sourceTree = "<group>";
		};
		2EB326571DE33885009E18D8 /* View */ = {
			isa = PBXGroup;
			children = (
				2EB326581DE33885009E18D8 /* JMHomeCell.h */,
				2EB326591DE33885009E18D8 /* JMHomeCell.m */,
				2EB3265A1DE33885009E18D8 /* JMHomeTableVeiw.h */,
				2EB3265B1DE33885009E18D8 /* JMHomeTableVeiw.m */,
				2EB3265C1DE33885009E18D8 /* JMHomeViewController.h */,
				2EB3265D1DE33885009E18D8 /* JMHomeViewController.m */,
			);
			path = View;
			sourceTree = "<group>";
		};
		2EB3265E1DE33885009E18D8 /* ViewModel */ = {
			isa = PBXGroup;
			children = (
				2EB3265F1DE33885009E18D8 /* JMHomeTableViewModel.h */,
				2EB326601DE33885009E18D8 /* JMHomeTableViewModel.m */,
			);
			path = ViewModel;
			sourceTree = "<group>";
		};
		2EB326611DE33885009E18D8 /* image */ = {
			isa = PBXGroup;
			children = (
				2EB326621DE33885009E18D8 /* community@2x.png */,
				2EB326631DE33885009E18D8 /* community@3x.png */,
				2EB326641DE33885009E18D8 /* community_helighted@2x.png */,
				2EB326651DE33885009E18D8 /* community_helighted@3x.png */,
				2EB326661DE33885009E18D8 /* home@2x.png */,
				2EB326671DE33885009E18D8 /* home@3x.png */,
				2EB326681DE33885009E18D8 /* home_helighted@2x.png */,
				2EB326691DE33885009E18D8 /* home_helighted@3x.png */,
				2EB3266A1DE33885009E18D8 /* my@2x.png */,
				2EB3266B1DE33885009E18D8 /* my@3x.png */,
				2EB3266C1DE33885009E18D8 /* my_helighted@2x.png */,
				2EB3266D1DE33885009E18D8 /* my_helighted@3x.png */,
				2EB3266E1DE33885009E18D8 /* secondhand_redss@2x.png */,
				2EB3266F1DE33885009E18D8 /* secondhand_redss@3x.png */,
				2EB326701DE33885009E18D8 /* secondhand_whitess@2x.png */,
				2EB326711DE33885009E18D8 /* secondhand_whitess@3x.png */,
				2EB326721DE33885009E18D8 /* shangcheng@2x.png */,
				2EB326731DE33885009E18D8 /* shangcheng@3x.png */,
				2EB326741DE33885009E18D8 /* shangcheng_helighted@2x.png */,
				2EB326751DE33885009E18D8 /* shangcheng_helighted@3x.png */,
			);
			path = image;
			sourceTree = "<group>";
		};
		2EB326761DE33885009E18D8 /* ModelView */ = {
			isa = PBXGroup;
			children = (
				2EB326771DE33885009E18D8 /* JMBaseViewModel.h */,
				2EB326781DE33885009E18D8 /* JMBaseViewModel.m */,
			);
			path = ModelView;
			sourceTree = "<group>";
		};
		2EB326791DE33885009E18D8 /* Tool */ = {
			isa = PBXGroup;
			children = (
				2EB3267A1DE33885009E18D8 /* JMHTTPSessionManager.h */,
				2EB3267B1DE33885009E18D8 /* JMHTTPSessionManager.m */,
				2EB3267C1DE33885009E18D8 /* JMRequestUtility.h */,
				2EB3267D1DE33885009E18D8 /* JMRequestUtility.m */,
				2EB3267E1DE33885009E18D8 /* JMTipView.h */,
				2EB3267F1DE33885009E18D8 /* JMTipView.m */,
			);
			path = Tool;
			sourceTree = "<group>";
		};
		2EB326801DE33885009E18D8 /* View */ = {
			isa = PBXGroup;
			children = (
				2EB326811DE33885009E18D8 /* JMTaobaoCell.h */,
				2EB326821DE33885009E18D8 /* JMTaobaoCell.m */,
				2EB326831DE33885009E18D8 /* JMViewController2.h */,
				2EB326841DE33885009E18D8 /* JMViewController2.m */,
				2EB326851DE33885009E18D8 /* JMViewController3.h */,
				2EB326861DE33885009E18D8 /* JMViewController3.m */,
				2EB326871DE33885009E18D8 /* JMViewController4.h */,
				2EB326881DE33885009E18D8 /* JMViewController4.m */,
				2EB326891DE33885009E18D8 /* JMWaveVeiw.h */,
				2EB3268A1DE33885009E18D8 /* JMWaveVeiw.m */,
			);
			path = View;
			sourceTree = "<group>";
		};
		7078F3766550511DB752193C /* Frameworks */ = {
			isa = PBXGroup;
			children = (
				916D02A12B659C71F0513CD2 /* libPods-MVVM.a */,
			);
			name = Frameworks;
			sourceTree = "<group>";
		};
		DE10731EFABC9763615F6F7C /* Pods */ = {
			isa = PBXGroup;
			children = (
				4950D8A7DAD868154C2F53A4 /* Pods-MVVM.debug.xcconfig */,
				E8ABBA4C4287A9CC0C49D669 /* Pods-MVVM.release.xcconfig */,
			);
			name = Pods;
			sourceTree = "<group>";
		};
/* End PBXGroup section */

/* Begin PBXNativeTarget section */
		2E607DAD1DE335010043AF41 /* MVVM */ = {
			isa = PBXNativeTarget;
			buildConfigurationList = 2E607DDB1DE335010043AF41 /* Build configuration list for PBXNativeTarget "MVVM" */;
			buildPhases = (
				31BFED9FDCF433380B5D6EB0 /* [CP] Check Pods Manifest.lock */,
				2E607DAA1DE335010043AF41 /* Sources */,
				2E607DAB1DE335010043AF41 /* Frameworks */,
				2E607DAC1DE335010043AF41 /* Resources */,
				1322D5613692D7D64D9792E4 /* [CP] Embed Pods Frameworks */,
				70DA2523D8F53E2E0D14EA3C /* [CP] Copy Pods Resources */,
			);
			buildRules = (
			);
			dependencies = (
			);
			name = MVVM;
			productName = MVVM;
			productReference = 2E607DAE1DE335010043AF41 /* MVVM.app */;
			productType = "com.apple.product-type.application";
		};
		2E607DC61DE335010043AF41 /* MVVMTests */ = {
			isa = PBXNativeTarget;
			buildConfigurationList = 2E607DDE1DE335010043AF41 /* Build configuration list for PBXNativeTarget "MVVMTests" */;
			buildPhases = (
				2E607DC31DE335010043AF41 /* Sources */,
				2E607DC41DE335010043AF41 /* Frameworks */,
				2E607DC51DE335010043AF41 /* Resources */,
			);
			buildRules = (
			);
			dependencies = (
				2E607DC91DE335010043AF41 /* PBXTargetDependency */,
			);
			name = MVVMTests;
			productName = MVVMTests;
			productReference = 2E607DC71DE335010043AF41 /* MVVMTests.xctest */;
			productType = "com.apple.product-type.bundle.unit-test";
		};
		2E607DD11DE335010043AF41 /* MVVMUITests */ = {
			isa = PBXNativeTarget;
			buildConfigurationList = 2E607DE11DE335010043AF41 /* Build configuration list for PBXNativeTarget "MVVMUITests" */;
			buildPhases = (
				2E607DCE1DE335010043AF41 /* Sources */,
				2E607DCF1DE335010043AF41 /* Frameworks */,
				2E607DD01DE335010043AF41 /* Resources */,
			);
			buildRules = (
			);
			dependencies = (
				2E607DD41DE335010043AF41 /* PBXTargetDependency */,
			);
			name = MVVMUITests;
			productName = MVVMUITests;
			productReference = 2E607DD21DE335010043AF41 /* MVVMUITests.xctest */;
			productType = "com.apple.product-type.bundle.ui-testing";
		};
/* End PBXNativeTarget section */

/* Begin PBXProject section */
		2E607DA61DE335010043AF41 /* Project object */ = {
			isa = PBXProject;
			attributes = {
				LastUpgradeCheck = 0810;
				ORGANIZATIONNAME = "营";
				TargetAttributes = {
					2E607DAD1DE335010043AF41 = {
						CreatedOnToolsVersion = 8.1;
						ProvisioningStyle = Automatic;
					};
					2E607DC61DE335010043AF41 = {
						CreatedOnToolsVersion = 8.1;
						ProvisioningStyle = Automatic;
						TestTargetID = 2E607DAD1DE335010043AF41;
					};
					2E607DD11DE335010043AF41 = {
						CreatedOnToolsVersion = 8.1;
						ProvisioningStyle = Automatic;
						TestTargetID = 2E607DAD1DE335010043AF41;
					};
				};
			};
			buildConfigurationList = 2E607DA91DE335010043AF41 /* Build configuration list for PBXProject "MVVM" */;
			compatibilityVersion = "Xcode 3.2";
			developmentRegion = English;
			hasScannedForEncodings = 0;
			knownRegions = (
				en,
				Base,
			);
			mainGroup = 2E607DA51DE335010043AF41;
			productRefGroup = 2E607DAF1DE335010043AF41 /* Products */;
			projectDirPath = "";
			projectRoot = "";
			targets = (
				2E607DAD1DE335010043AF41 /* MVVM */,
				2E607DC61DE335010043AF41 /* MVVMTests */,
				2E607DD11DE335010043AF41 /* MVVMUITests */,
			);
		};
/* End PBXProject section */

/* Begin PBXResourcesBuildPhase section */
		2E607DAC1DE335010043AF41 /* Resources */ = {
			isa = PBXResourcesBuildPhase;
			buildActionMask = 2147483647;
			files = (
				2EB326A11DE33885009E18D8 /* secondhand_whitess@3x.png in Resources */,
				2EB3269C1DE33885009E18D8 /* my_helighted@2x.png in Resources */,
				2EB326961DE33885009E18D8 /* home@2x.png in Resources */,
				2EB326B01DE338B7009E18D8 /* Assets.xcassets in Resources */,
				2EB326971DE33885009E18D8 /* home@3x.png in Resources */,
				2EB326951DE33885009E18D8 /* community_helighted@3x.png in Resources */,
				2EB326A31DE33885009E18D8 /* shangcheng@3x.png in Resources */,
				2EB326A41DE33885009E18D8 /* shangcheng_helighted@2x.png in Resources */,
				2EB326981DE33885009E18D8 /* home_helighted@2x.png in Resources */,
				2EB326B21DE34113009E18D8 /* LaunchScreen.storyboard in Resources */,
				2EB326A51DE33885009E18D8 /* shangcheng_helighted@3x.png in Resources */,
				2EB3269F1DE33885009E18D8 /* secondhand_redss@3x.png in Resources */,
				2EB326991DE33885009E18D8 /* home_helighted@3x.png in Resources */,
				2EB3269B1DE33885009E18D8 /* my@3x.png in Resources */,
				2EB3269D1DE33885009E18D8 /* my_helighted@3x.png in Resources */,
				2EB326931DE33885009E18D8 /* community@3x.png in Resources */,
				2EB3269E1DE33885009E18D8 /* secondhand_redss@2x.png in Resources */,
				2EB3269A1DE33885009E18D8 /* my@2x.png in Resources */,
				2EB326941DE33885009E18D8 /* community_helighted@2x.png in Resources */,
				2EB326A21DE33885009E18D8 /* shangcheng@2x.png in Resources */,
				2EB326A01DE33885009E18D8 /* secondhand_whitess@2x.png in Resources */,
				2EB326921DE33885009E18D8 /* community@2x.png in Resources */,
				2E607DBC1DE335010043AF41 /* Main.storyboard in Resources */,
			);
			runOnlyForDeploymentPostprocessing = 0;
		};
		2E607DC51DE335010043AF41 /* Resources */ = {
			isa = PBXResourcesBuildPhase;
			buildActionMask = 2147483647;
			files = (
			);
			runOnlyForDeploymentPostprocessing = 0;
		};
		2E607DD01DE335010043AF41 /* Resources */ = {
			isa = PBXResourcesBuildPhase;
			buildActionMask = 2147483647;
			files = (
			);
			runOnlyForDeploymentPostprocessing = 0;
		};
/* End PBXResourcesBuildPhase section */

/* Begin PBXShellScriptBuildPhase section */
		1322D5613692D7D64D9792E4 /* [CP] Embed Pods Frameworks */ = {
			isa = PBXShellScriptBuildPhase;
			buildActionMask = 2147483647;
			files = (
			);
			inputPaths = (
			);
			name = "[CP] Embed Pods Frameworks";
			outputPaths = (
			);
			runOnlyForDeploymentPostprocessing = 0;
			shellPath = /bin/sh;
			shellScript = "\"${SRCROOT}/Pods/Target Support Files/Pods-MVVM/Pods-MVVM-frameworks.sh\"\n";
			showEnvVarsInLog = 0;
		};
		31BFED9FDCF433380B5D6EB0 /* [CP] Check Pods Manifest.lock */ = {
			isa = PBXShellScriptBuildPhase;
			buildActionMask = 2147483647;
			files = (
			);
			inputPaths = (
			);
			name = "[CP] Check Pods Manifest.lock";
			outputPaths = (
			);
			runOnlyForDeploymentPostprocessing = 0;
			shellPath = /bin/sh;
			shellScript = "diff \"${PODS_ROOT}/../Podfile.lock\" \"${PODS_ROOT}/Manifest.lock\" > /dev/null\nif [ $? != 0 ] ; then\n    # print error to STDERR\n    echo \"error: The sandbox is not in sync with the Podfile.lock. Run 'pod install' or update your CocoaPods installation.\" >&2\n    exit 1\nfi\n";
			showEnvVarsInLog = 0;
		};
		70DA2523D8F53E2E0D14EA3C /* [CP] Copy Pods Resources */ = {
			isa = PBXShellScriptBuildPhase;
			buildActionMask = 2147483647;
			files = (
			);
			inputPaths = (
			);
			name = "[CP] Copy Pods Resources";
			outputPaths = (
			);
			runOnlyForDeploymentPostprocessing = 0;
			shellPath = /bin/sh;
			shellScript = "\"${SRCROOT}/Pods/Target Support Files/Pods-MVVM/Pods-MVVM-resources.sh\"\n";
			showEnvVarsInLog = 0;
		};
/* End PBXShellScriptBuildPhase section */

/* Begin PBXSourcesBuildPhase section */
		2E607DAA1DE335010043AF41 /* Sources */ = {
			isa = PBXSourcesBuildPhase;
			buildActionMask = 2147483647;
			files = (
				2E607DB91DE335010043AF41 /* ViewController.m in Sources */,
				2EB326AC1DE33885009E18D8 /* JMViewController3.m in Sources */,
				2EB326AE1DE33885009E18D8 /* JMWaveVeiw.m in Sources */,
				2EB326A61DE33885009E18D8 /* JMBaseViewModel.m in Sources */,
				2EB326911DE33885009E18D8 /* JMHomeTableViewModel.m in Sources */,
				2EB326AA1DE33885009E18D8 /* JMTaobaoCell.m in Sources */,
				2E607DB61DE335010043AF41 /* AppDelegate.m in Sources */,
				2EB3268D1DE33885009E18D8 /* HomeModel.m in Sources */,
				2EB326AB1DE33885009E18D8 /* JMViewController2.m in Sources */,
				2EB3268B1DE33885009E18D8 /* UIView+Extension.m in Sources */,
				2EB3268C1DE33885009E18D8 /* JMTabBarController.m in Sources */,
				2E607DB31DE335010043AF41 /* main.m in Sources */,
				2EB3268E1DE33885009E18D8 /* JMHomeCell.m in Sources */,
				2EB326AD1DE33885009E18D8 /* JMViewController4.m in Sources */,
				2EB326901DE33885009E18D8 /* JMHomeViewController.m in Sources */,
				2EB326A81DE33885009E18D8 /* JMRequestUtility.m in Sources */,
				2EB3268F1DE33885009E18D8 /* JMHomeTableVeiw.m in Sources */,
				2EB326A71DE33885009E18D8 /* JMHTTPSessionManager.m in Sources */,
				2EB326A91DE33885009E18D8 /* JMTipView.m in Sources */,
			);
			runOnlyForDeploymentPostprocessing = 0;
		};
		2E607DC31DE335010043AF41 /* Sources */ = {
			isa = PBXSourcesBuildPhase;
			buildActionMask = 2147483647;
			files = (
				2E607DCC1DE335010043AF41 /* MVVMTests.m in Sources */,
			);
			runOnlyForDeploymentPostprocessing = 0;
		};
		2E607DCE1DE335010043AF41 /* Sources */ = {
			isa = PBXSourcesBuildPhase;
			buildActionMask = 2147483647;
			files = (
				2E607DD71DE335010043AF41 /* MVVMUITests.m in Sources */,
			);
			runOnlyForDeploymentPostprocessing = 0;
		};
/* End PBXSourcesBuildPhase section */

/* Begin PBXTargetDependency section */
		2E607DC91DE335010043AF41 /* PBXTargetDependency */ = {
			isa = PBXTargetDependency;
			target = 2E607DAD1DE335010043AF41 /* MVVM */;
			targetProxy = 2E607DC81DE335010043AF41 /* PBXContainerItemProxy */;
		};
		2E607DD41DE335010043AF41 /* PBXTargetDependency */ = {
			isa = PBXTargetDependency;
			target = 2E607DAD1DE335010043AF41 /* MVVM */;
			targetProxy = 2E607DD31DE335010043AF41 /* PBXContainerItemProxy */;
		};
/* End PBXTargetDependency section */

/* Begin PBXVariantGroup section */
		2E607DBA1DE335010043AF41 /* Main.storyboard */ = {
			isa = PBXVariantGroup;
			children = (
				2E607DBB1DE335010043AF41 /* Base */,
			);
			name = Main.storyboard;
			sourceTree = "<group>";
		};
/* End PBXVariantGroup section */

/* Begin XCBuildConfiguration section */
		2E607DD91DE335010043AF41 /* Debug */ = {
			isa = XCBuildConfiguration;
			buildSettings = {
				ALWAYS_SEARCH_USER_PATHS = NO;
				CLANG_ANALYZER_NONNULL = YES;
				CLANG_CXX_LANGUAGE_STANDARD = "gnu++0x";
				CLANG_CXX_LIBRARY = "libc++";
				CLANG_ENABLE_MODULES = YES;
				CLANG_ENABLE_OBJC_ARC = YES;
				CLANG_WARN_BOOL_CONVERSION = YES;
				CLANG_WARN_CONSTANT_CONVERSION = YES;
				CLANG_WARN_DIRECT_OBJC_ISA_USAGE = YES_ERROR;
				CLANG_WARN_DOCUMENTATION_COMMENTS = YES;
				CLANG_WARN_EMPTY_BODY = YES;
				CLANG_WARN_ENUM_CONVERSION = YES;
				CLANG_WARN_INFINITE_RECURSION = YES;
				CLANG_WARN_INT_CONVERSION = YES;
				CLANG_WARN_OBJC_ROOT_CLASS = YES_ERROR;
				CLANG_WARN_SUSPICIOUS_MOVES = YES;
				CLANG_WARN_UNREACHABLE_CODE = YES;
				CLANG_WARN__DUPLICATE_METHOD_MATCH = YES;
				"CODE_SIGN_IDENTITY[sdk=iphoneos*]" = "iPhone Developer";
				COPY_PHASE_STRIP = NO;
				DEBUG_INFORMATION_FORMAT = dwarf;
				ENABLE_STRICT_OBJC_MSGSEND = YES;
				ENABLE_TESTABILITY = YES;
				GCC_C_LANGUAGE_STANDARD = gnu99;
				GCC_DYNAMIC_NO_PIC = NO;
				GCC_NO_COMMON_BLOCKS = YES;
				GCC_OPTIMIZATION_LEVEL = 0;
				GCC_PREPROCESSOR_DEFINITIONS = (
					"DEBUG=1",
					"$(inherited)",
				);
				GCC_WARN_64_TO_32_BIT_CONVERSION = YES;
				GCC_WARN_ABOUT_RETURN_TYPE = YES_ERROR;
				GCC_WARN_UNDECLARED_SELECTOR = YES;
				GCC_WARN_UNINITIALIZED_AUTOS = YES_AGGRESSIVE;
				GCC_WARN_UNUSED_FUNCTION = YES;
				GCC_WARN_UNUSED_VARIABLE = YES;
				IPHONEOS_DEPLOYMENT_TARGET = 10.1;
				MTL_ENABLE_DEBUG_INFO = YES;
				ONLY_ACTIVE_ARCH = YES;
				SDKROOT = iphoneos;
				TARGETED_DEVICE_FAMILY = "1,2";
			};
			name = Debug;
		};
		2E607DDA1DE335010043AF41 /* Release */ = {
			isa = XCBuildConfiguration;
			buildSettings = {
				ALWAYS_SEARCH_USER_PATHS = NO;
				CLANG_ANALYZER_NONNULL = YES;
				CLANG_CXX_LANGUAGE_STANDARD = "gnu++0x";
				CLANG_CXX_LIBRARY = "libc++";
				CLANG_ENABLE_MODULES = YES;
				CLANG_ENABLE_OBJC_ARC = YES;
				CLANG_WARN_BOOL_CONVERSION = YES;
				CLANG_WARN_CONSTANT_CONVERSION = YES;
				CLANG_WARN_DIRECT_OBJC_ISA_USAGE = YES_ERROR;
				CLANG_WARN_DOCUMENTATION_COMMENTS = YES;
				CLANG_WARN_EMPTY_BODY = YES;
				CLANG_WARN_ENUM_CONVERSION = YES;
				CLANG_WARN_INFINITE_RECURSION = YES;
				CLANG_WARN_INT_CONVERSION = YES;
				CLANG_WARN_OBJC_ROOT_CLASS = YES_ERROR;
				CLANG_WARN_SUSPICIOUS_MOVES = YES;
				CLANG_WARN_UNREACHABLE_CODE = YES;
				CLANG_WARN__DUPLICATE_METHOD_MATCH = YES;
				"CODE_SIGN_IDENTITY[sdk=iphoneos*]" = "iPhone Developer";
				COPY_PHASE_STRIP = NO;
				DEBUG_INFORMATION_FORMAT = "dwarf-with-dsym";
				ENABLE_NS_ASSERTIONS = NO;
				ENABLE_STRICT_OBJC_MSGSEND = YES;
				GCC_C_LANGUAGE_STANDARD = gnu99;
				GCC_NO_COMMON_BLOCKS = YES;
				GCC_WARN_64_TO_32_BIT_CONVERSION = YES;
				GCC_WARN_ABOUT_RETURN_TYPE = YES_ERROR;
				GCC_WARN_UNDECLARED_SELECTOR = YES;
				GCC_WARN_UNINITIALIZED_AUTOS = YES_AGGRESSIVE;
				GCC_WARN_UNUSED_FUNCTION = YES;
				GCC_WARN_UNUSED_VARIABLE = YES;
				IPHONEOS_DEPLOYMENT_TARGET = 10.1;
				MTL_ENABLE_DEBUG_INFO = NO;
				SDKROOT = iphoneos;
				TARGETED_DEVICE_FAMILY = "1,2";
				VALIDATE_PRODUCT = YES;
			};
			name = Release;
		};
		2E607DDC1DE335010043AF41 /* Debug */ = {
			isa = XCBuildConfiguration;
			baseConfigurationReference = 4950D8A7DAD868154C2F53A4 /* Pods-MVVM.debug.xcconfig */;
			buildSettings = {
				ASSETCATALOG_COMPILER_APPICON_NAME = AppIcon;
				GCC_PRECOMPILE_PREFIX_HEADER = YES;
				GCC_PREFIX_HEADER = "$(SRCROOT)/MVVM/MVVM-Prefix.pch";
				INFOPLIST_FILE = MVVM/Info.plist;
				LD_RUNPATH_SEARCH_PATHS = "$(inherited) @executable_path/Frameworks";
				PRODUCT_BUNDLE_IDENTIFIER = itcast.MVVM;
				PRODUCT_NAME = "$(TARGET_NAME)";
			};
			name = Debug;
		};
		2E607DDD1DE335010043AF41 /* Release */ = {
			isa = XCBuildConfiguration;
			baseConfigurationReference = E8ABBA4C4287A9CC0C49D669 /* Pods-MVVM.release.xcconfig */;
			buildSettings = {
				ASSETCATALOG_COMPILER_APPICON_NAME = AppIcon;
				GCC_PRECOMPILE_PREFIX_HEADER = YES;
				GCC_PREFIX_HEADER = "$(SRCROOT)/MVVM/MVVM-Prefix.pch";
				INFOPLIST_FILE = MVVM/Info.plist;
				LD_RUNPATH_SEARCH_PATHS = "$(inherited) @executable_path/Frameworks";
				PRODUCT_BUNDLE_IDENTIFIER = itcast.MVVM;
				PRODUCT_NAME = "$(TARGET_NAME)";
			};
			name = Release;
		};
		2E607DDF1DE335010043AF41 /* Debug */ = {
			isa = XCBuildConfiguration;
			buildSettings = {
				BUNDLE_LOADER = "$(TEST_HOST)";
				INFOPLIST_FILE = MVVMTests/Info.plist;
				LD_RUNPATH_SEARCH_PATHS = "$(inherited) @executable_path/Frameworks @loader_path/Frameworks";
				PRODUCT_BUNDLE_IDENTIFIER = itcast.MVVMTests;
				PRODUCT_NAME = "$(TARGET_NAME)";
				TEST_HOST = "$(BUILT_PRODUCTS_DIR)/MVVM.app/MVVM";
			};
			name = Debug;
		};
		2E607DE01DE335010043AF41 /* Release */ = {
			isa = XCBuildConfiguration;
			buildSettings = {
				BUNDLE_LOADER = "$(TEST_HOST)";
				INFOPLIST_FILE = MVVMTests/Info.plist;
				LD_RUNPATH_SEARCH_PATHS = "$(inherited) @executable_path/Frameworks @loader_path/Frameworks";
				PRODUCT_BUNDLE_IDENTIFIER = itcast.MVVMTests;
				PRODUCT_NAME = "$(TARGET_NAME)";
				TEST_HOST = "$(BUILT_PRODUCTS_DIR)/MVVM.app/MVVM";
			};
			name = Release;
		};
		2E607DE21DE335010043AF41 /* Debug */ = {
			isa = XCBuildConfiguration;
			buildSettings = {
				INFOPLIST_FILE = MVVMUITests/Info.plist;
				LD_RUNPATH_SEARCH_PATHS = "$(inherited) @executable_path/Frameworks @loader_path/Frameworks";
				PRODUCT_BUNDLE_IDENTIFIER = itcast.MVVMUITests;
				PRODUCT_NAME = "$(TARGET_NAME)";
				TEST_TARGET_NAME = MVVM;
			};
			name = Debug;
		};
		2E607DE31DE335010043AF41 /* Release */ = {
			isa = XCBuildConfiguration;
			buildSettings = {
				INFOPLIST_FILE = MVVMUITests/Info.plist;
				LD_RUNPATH_SEARCH_PATHS = "$(inherited) @executable_path/Frameworks @loader_path/Frameworks";
				PRODUCT_BUNDLE_IDENTIFIER = itcast.MVVMUITests;
				PRODUCT_NAME = "$(TARGET_NAME)";
				TEST_TARGET_NAME = MVVM;
			};
			name = Release;
		};
/* End XCBuildConfiguration section */

/* Begin XCConfigurationList section */
		2E607DA91DE335010043AF41 /* Build configuration list for PBXProject "MVVM" */ = {
			isa = XCConfigurationList;
			buildConfigurations = (
				2E607DD91DE335010043AF41 /* Debug */,
				2E607DDA1DE335010043AF41 /* Release */,
			);
			defaultConfigurationIsVisible = 0;
			defaultConfigurationName = Release;
		};
		2E607DDB1DE335010043AF41 /* Build configuration list for PBXNativeTarget "MVVM" */ = {
			isa = XCConfigurationList;
			buildConfigurations = (
				2E607DDC1DE335010043AF41 /* Debug */,
				2E607DDD1DE335010043AF41 /* Release */,
			);
			defaultConfigurationIsVisible = 0;
			defaultConfigurationName = Release;
		};
		2E607DDE1DE335010043AF41 /* Build configuration list for PBXNativeTarget "MVVMTests" */ = {
			isa = XCConfigurationList;
			buildConfigurations = (
				2E607DDF1DE335010043AF41 /* Debug */,
				2E607DE01DE335010043AF41 /* Release */,
			);
			defaultConfigurationIsVisible = 0;
			defaultConfigurationName = Release;
		};
		2E607DE11DE335010043AF41 /* Build configuration list for PBXNativeTarget "MVVMUITests" */ = {
			isa = XCConfigurationList;
			buildConfigurations = (
				2E607DE21DE335010043AF41 /* Debug */,
				2E607DE31DE335010043AF41 /* Release */,
			);
			defaultConfigurationIsVisible = 0;
			defaultConfigurationName = Release;
		};
/* End XCConfigurationList section */
	};
	rootObject = 2E607DA61DE335010043AF41 /* Project object */;
}
